// !$*UTF8*$!
{
	archiveVersion = 1;
	classes = {
	};
	objectVersion = 56;
	objects = {

/* Begin PBXBuildFile section */
		1F5D0C1E2BFBC2970026BFA5 /* AppDelegate.swift in Sources */ = {isa = PBXBuildFile; fileRef = 1F5D0C1D2BFBC2970026BFA5 /* AppDelegate.swift */; };
		1F5D0C202BFBC2970026BFA5 /* SceneDelegate.swift in Sources */ = {isa = PBXBuildFile; fileRef = 1F5D0C1F2BFBC2970026BFA5 /* SceneDelegate.swift */; };
		1F5D0C222BFBC2970026BFA5 /* DiaryController.swift in Sources */ = {isa = PBXBuildFile; fileRef = 1F5D0C212BFBC2970026BFA5 /* DiaryController.swift */; };
		1F5D0C252BFBC2970026BFA5 /* Base in Resources */ = {isa = PBXBuildFile; fileRef = 1F5D0C242BFBC2970026BFA5 /* Base */; };
		1F5D0C272BFBC2980026BFA5 /* Assets.xcassets in Resources */ = {isa = PBXBuildFile; fileRef = 1F5D0C262BFBC2980026BFA5 /* Assets.xcassets */; };
		1F5D0C2A2BFBC2980026BFA5 /* Base in Resources */ = {isa = PBXBuildFile; fileRef = 1F5D0C292BFBC2980026BFA5 /* Base */; };
		1F5D0C352BFBC2990026BFA5 /* purahprojectTests.swift in Sources */ = {isa = PBXBuildFile; fileRef = 1F5D0C342BFBC2990026BFA5 /* purahprojectTests.swift */; };
		1F5D0C3F2BFBC2990026BFA5 /* purahprojectUITests.swift in Sources */ = {isa = PBXBuildFile; fileRef = 1F5D0C3E2BFBC2990026BFA5 /* purahprojectUITests.swift */; };
		1F5D0C412BFBC2990026BFA5 /* purahprojectUITestsLaunchTests.swift in Sources */ = {isa = PBXBuildFile; fileRef = 1F5D0C402BFBC2990026BFA5 /* purahprojectUITestsLaunchTests.swift */; };
		1FC4FD1E2C0E27B600EB5774 /* TableViewCell.swift in Sources */ = {isa = PBXBuildFile; fileRef = 1FC4FD1D2C0E27B600EB5774 /* TableViewCell.swift */; };
		1FC4FD1F2C0E27B600EB5774 /* TableViewCell.swift in Sources */ = {isa = PBXBuildFile; fileRef = 1FC4FD1D2C0E27B600EB5774 /* TableViewCell.swift */; };
		1FC4FD202C0E27B600EB5774 /* TableViewCell.swift in Sources */ = {isa = PBXBuildFile; fileRef = 1FC4FD1D2C0E27B600EB5774 /* TableViewCell.swift */; };
		1FC4FD222C0E283000EB5774 /* HandleDataModel.swift in Sources */ = {isa = PBXBuildFile; fileRef = 1FC4FD212C0E283000EB5774 /* HandleDataModel.swift */; };
		1FC4FD232C0E283000EB5774 /* HandleDataModel.swift in Sources */ = {isa = PBXBuildFile; fileRef = 1FC4FD212C0E283000EB5774 /* HandleDataModel.swift */; };
		1FC4FD242C0E283000EB5774 /* HandleDataModel.swift in Sources */ = {isa = PBXBuildFile; fileRef = 1FC4FD212C0E283000EB5774 /* HandleDataModel.swift */; };
		1FC4FD262C0E287F00EB5774 /* MonsterViewController.swift in Sources */ = {isa = PBXBuildFile; fileRef = 1FC4FD252C0E287F00EB5774 /* MonsterViewController.swift */; };
		1FC4FD272C0E287F00EB5774 /* MonsterViewController.swift in Sources */ = {isa = PBXBuildFile; fileRef = 1FC4FD252C0E287F00EB5774 /* MonsterViewController.swift */; };
		1FC4FD282C0E287F00EB5774 /* MonsterViewController.swift in Sources */ = {isa = PBXBuildFile; fileRef = 1FC4FD252C0E287F00EB5774 /* MonsterViewController.swift */; };
		1FC4FD2A2C0E289400EB5774 /* DetailsViewController.swift in Sources */ = {isa = PBXBuildFile; fileRef = 1FC4FD292C0E289400EB5774 /* DetailsViewController.swift */; };
		1FC4FD2B2C0E289400EB5774 /* DetailsViewController.swift in Sources */ = {isa = PBXBuildFile; fileRef = 1FC4FD292C0E289400EB5774 /* DetailsViewController.swift */; };
		1FC4FD2C2C0E289400EB5774 /* DetailsViewController.swift in Sources */ = {isa = PBXBuildFile; fileRef = 1FC4FD292C0E289400EB5774 /* DetailsViewController.swift */; };
		1FC4FD2E2C0E2AAF00EB5774 /* HyliaSerifBeta-Regular.otf in Resources */ = {isa = PBXBuildFile; fileRef = 1FC4FD2D2C0E2AAF00EB5774 /* HyliaSerifBeta-Regular.otf */; };
		1FC4FD2F2C0E2AAF00EB5774 /* HyliaSerifBeta-Regular.otf in Resources */ = {isa = PBXBuildFile; fileRef = 1FC4FD2D2C0E2AAF00EB5774 /* HyliaSerifBeta-Regular.otf */; };
		1FC4FD302C0E2AAF00EB5774 /* HyliaSerifBeta-Regular.otf in Resources */ = {isa = PBXBuildFile; fileRef = 1FC4FD2D2C0E2AAF00EB5774 /* HyliaSerifBeta-Regular.otf */; };
		1FC4FD322C0E3AEA00EB5774 /* WeaponsViewController.swift in Sources */ = {isa = PBXBuildFile; fileRef = 1FC4FD312C0E3AEA00EB5774 /* WeaponsViewController.swift */; };
		1FC4FD332C0E3AEA00EB5774 /* WeaponsViewController.swift in Sources */ = {isa = PBXBuildFile; fileRef = 1FC4FD312C0E3AEA00EB5774 /* WeaponsViewController.swift */; };
		1FC4FD342C0E3AEA00EB5774 /* WeaponsViewController.swift in Sources */ = {isa = PBXBuildFile; fileRef = 1FC4FD312C0E3AEA00EB5774 /* WeaponsViewController.swift */; };
		1FDAA34E2BFE4E93003D9EFE /* SearchController.swift in Sources */ = {isa = PBXBuildFile; fileRef = 1FDAA34D2BFE4E93003D9EFE /* SearchController.swift */; };
		1FDAA3502BFE4EA3003D9EFE /* TodoController.swift in Sources */ = {isa = PBXBuildFile; fileRef = 1FDAA34F2BFE4EA3003D9EFE /* TodoController.swift */; };
		7695D09F2C0E714500D48F5C /* TreasureViewController.swift in Sources */ = {isa = PBXBuildFile; fileRef = 7695D09E2C0E714500D48F5C /* TreasureViewController.swift */; };
		7695D0A12C0E8C6800D48F5C /* CreaturesViewController.swift in Sources */ = {isa = PBXBuildFile; fileRef = 7695D0A02C0E8C6800D48F5C /* CreaturesViewController.swift */; };
/* End PBXBuildFile section */

/* Begin PBXContainerItemProxy section */
		1F5D0C312BFBC2990026BFA5 /* PBXContainerItemProxy */ = {
			isa = PBXContainerItemProxy;
			containerPortal = 1F5D0C122BFBC2970026BFA5 /* Project object */;
			proxyType = 1;
			remoteGlobalIDString = 1F5D0C192BFBC2970026BFA5;
			remoteInfo = purahproject;
		};
		1F5D0C3B2BFBC2990026BFA5 /* PBXContainerItemProxy */ = {
			isa = PBXContainerItemProxy;
			containerPortal = 1F5D0C122BFBC2970026BFA5 /* Project object */;
			proxyType = 1;
			remoteGlobalIDString = 1F5D0C192BFBC2970026BFA5;
			remoteInfo = purahproject;
		};
/* End PBXContainerItemProxy section */

/* Begin PBXFileReference section */
		1F5D0C1A2BFBC2970026BFA5 /* purahproject.app */ = {isa = PBXFileReference; explicitFileType = wrapper.application; includeInIndex = 0; path = purahproject.app; sourceTree = BUILT_PRODUCTS_DIR; };
		1F5D0C1D2BFBC2970026BFA5 /* AppDelegate.swift */ = {isa = PBXFileReference; lastKnownFileType = sourcecode.swift; path = AppDelegate.swift; sourceTree = "<group>"; };
		1F5D0C1F2BFBC2970026BFA5 /* SceneDelegate.swift */ = {isa = PBXFileReference; lastKnownFileType = sourcecode.swift; path = SceneDelegate.swift; sourceTree = "<group>"; };
		1F5D0C212BFBC2970026BFA5 /* DiaryController.swift */ = {isa = PBXFileReference; lastKnownFileType = sourcecode.swift; path = DiaryController.swift; sourceTree = "<group>"; };
		1F5D0C242BFBC2970026BFA5 /* Base */ = {isa = PBXFileReference; lastKnownFileType = file.storyboard; name = Base; path = Base.lproj/Main.storyboard; sourceTree = "<group>"; };
		1F5D0C262BFBC2980026BFA5 /* Assets.xcassets */ = {isa = PBXFileReference; lastKnownFileType = folder.assetcatalog; path = Assets.xcassets; sourceTree = "<group>"; };
		1F5D0C292BFBC2980026BFA5 /* Base */ = {isa = PBXFileReference; lastKnownFileType = file.storyboard; name = Base; path = Base.lproj/LaunchScreen.storyboard; sourceTree = "<group>"; };
		1F5D0C2B2BFBC2980026BFA5 /* Info.plist */ = {isa = PBXFileReference; lastKnownFileType = text.plist.xml; path = Info.plist; sourceTree = "<group>"; };
		1F5D0C302BFBC2990026BFA5 /* purahprojectTests.xctest */ = {isa = PBXFileReference; explicitFileType = wrapper.cfbundle; includeInIndex = 0; path = purahprojectTests.xctest; sourceTree = BUILT_PRODUCTS_DIR; };
		1F5D0C342BFBC2990026BFA5 /* purahprojectTests.swift */ = {isa = PBXFileReference; lastKnownFileType = sourcecode.swift; path = purahprojectTests.swift; sourceTree = "<group>"; };
		1F5D0C3A2BFBC2990026BFA5 /* purahprojectUITests.xctest */ = {isa = PBXFileReference; explicitFileType = wrapper.cfbundle; includeInIndex = 0; path = purahprojectUITests.xctest; sourceTree = BUILT_PRODUCTS_DIR; };
		1F5D0C3E2BFBC2990026BFA5 /* purahprojectUITests.swift */ = {isa = PBXFileReference; lastKnownFileType = sourcecode.swift; path = purahprojectUITests.swift; sourceTree = "<group>"; };
		1F5D0C402BFBC2990026BFA5 /* purahprojectUITestsLaunchTests.swift */ = {isa = PBXFileReference; lastKnownFileType = sourcecode.swift; path = purahprojectUITestsLaunchTests.swift; sourceTree = "<group>"; };
		1FC4FD1D2C0E27B600EB5774 /* TableViewCell.swift */ = {isa = PBXFileReference; fileEncoding = 4; lastKnownFileType = sourcecode.swift; path = TableViewCell.swift; sourceTree = "<group>"; };
		1FC4FD212C0E283000EB5774 /* HandleDataModel.swift */ = {isa = PBXFileReference; fileEncoding = 4; lastKnownFileType = sourcecode.swift; path = HandleDataModel.swift; sourceTree = "<group>"; };
		1FC4FD252C0E287F00EB5774 /* MonsterViewController.swift */ = {isa = PBXFileReference; fileEncoding = 4; lastKnownFileType = sourcecode.swift; path = MonsterViewController.swift; sourceTree = "<group>"; };
		1FC4FD292C0E289400EB5774 /* DetailsViewController.swift */ = {isa = PBXFileReference; fileEncoding = 4; lastKnownFileType = sourcecode.swift; path = DetailsViewController.swift; sourceTree = "<group>"; };
		1FC4FD2D2C0E2AAF00EB5774 /* HyliaSerifBeta-Regular.otf */ = {isa = PBXFileReference; lastKnownFileType = file; path = "HyliaSerifBeta-Regular.otf"; sourceTree = "<group>"; };
		1FC4FD312C0E3AEA00EB5774 /* WeaponsViewController.swift */ = {isa = PBXFileReference; lastKnownFileType = sourcecode.swift; path = WeaponsViewController.swift; sourceTree = "<group>"; };
		1FDAA34D2BFE4E93003D9EFE /* SearchController.swift */ = {isa = PBXFileReference; lastKnownFileType = sourcecode.swift; path = SearchController.swift; sourceTree = "<group>"; };
		1FDAA34F2BFE4EA3003D9EFE /* TodoController.swift */ = {isa = PBXFileReference; lastKnownFileType = sourcecode.swift; path = TodoController.swift; sourceTree = "<group>"; };
		7695D09E2C0E714500D48F5C /* TreasureViewController.swift */ = {isa = PBXFileReference; lastKnownFileType = sourcecode.swift; path = TreasureViewController.swift; sourceTree = "<group>"; };
		7695D0A02C0E8C6800D48F5C /* CreaturesViewController.swift */ = {isa = PBXFileReference; lastKnownFileType = sourcecode.swift; path = CreaturesViewController.swift; sourceTree = "<group>"; };
/* End PBXFileReference section */

/* Begin PBXFrameworksBuildPhase section */
		1F5D0C172BFBC2970026BFA5 /* Frameworks */ = {
			isa = PBXFrameworksBuildPhase;
			buildActionMask = 2147483647;
			files = (
			);
			runOnlyForDeploymentPostprocessing = 0;
		};
		1F5D0C2D2BFBC2990026BFA5 /* Frameworks */ = {
			isa = PBXFrameworksBuildPhase;
			buildActionMask = 2147483647;
			files = (
			);
			runOnlyForDeploymentPostprocessing = 0;
		};
		1F5D0C372BFBC2990026BFA5 /* Frameworks */ = {
			isa = PBXFrameworksBuildPhase;
			buildActionMask = 2147483647;
			files = (
			);
			runOnlyForDeploymentPostprocessing = 0;
		};
/* End PBXFrameworksBuildPhase section */

/* Begin PBXGroup section */
		1F5D0C112BFBC2970026BFA5 = {
			isa = PBXGroup;
			children = (
				1F5D0C1C2BFBC2970026BFA5 /* purahproject */,
				1F5D0C332BFBC2990026BFA5 /* purahprojectTests */,
				1F5D0C3D2BFBC2990026BFA5 /* purahprojectUITests */,
				1F5D0C1B2BFBC2970026BFA5 /* Products */,
			);
			sourceTree = "<group>";
		};
		1F5D0C1B2BFBC2970026BFA5 /* Products */ = {
			isa = PBXGroup;
			children = (
				1F5D0C1A2BFBC2970026BFA5 /* purahproject.app */,
				1F5D0C302BFBC2990026BFA5 /* purahprojectTests.xctest */,
				1F5D0C3A2BFBC2990026BFA5 /* purahprojectUITests.xctest */,
			);
			name = Products;
			sourceTree = "<group>";
		};
		1F5D0C1C2BFBC2970026BFA5 /* purahproject */ = {
			isa = PBXGroup;
			children = (
				1FDAA34C2BFE4E4F003D9EFE /* Todo Components */,
				1FDAA34B2BFE4E3C003D9EFE /* Search Components */,
				1FDAA34A2BFE4C39003D9EFE /* Diary Components */,
				1F5D0C1D2BFBC2970026BFA5 /* AppDelegate.swift */,
				1FC4FD2D2C0E2AAF00EB5774 /* HyliaSerifBeta-Regular.otf */,
				1F5D0C1F2BFBC2970026BFA5 /* SceneDelegate.swift */,
				1F5D0C232BFBC2970026BFA5 /* Main.storyboard */,
				1F5D0C262BFBC2980026BFA5 /* Assets.xcassets */,
				1F5D0C282BFBC2980026BFA5 /* LaunchScreen.storyboard */,
				1F5D0C2B2BFBC2980026BFA5 /* Info.plist */,
			);
			path = purahproject;
			sourceTree = "<group>";
		};
		1F5D0C332BFBC2990026BFA5 /* purahprojectTests */ = {
			isa = PBXGroup;
			children = (
				1F5D0C342BFBC2990026BFA5 /* purahprojectTests.swift */,
			);
			path = purahprojectTests;
			sourceTree = "<group>";
		};
		1F5D0C3D2BFBC2990026BFA5 /* purahprojectUITests */ = {
			isa = PBXGroup;
			children = (
				1F5D0C3E2BFBC2990026BFA5 /* purahprojectUITests.swift */,
				1F5D0C402BFBC2990026BFA5 /* purahprojectUITestsLaunchTests.swift */,
			);
			path = purahprojectUITests;
			sourceTree = "<group>";
		};
		1FDAA34A2BFE4C39003D9EFE /* Diary Components */ = {
			isa = PBXGroup;
			children = (
				1F5D0C212BFBC2970026BFA5 /* DiaryController.swift */,
			);
			path = "Diary Components";
			sourceTree = "<group>";
		};
		1FDAA34B2BFE4E3C003D9EFE /* Search Components */ = {
			isa = PBXGroup;
			children = (
				1FDAA34D2BFE4E93003D9EFE /* SearchController.swift */,
				1FC4FD312C0E3AEA00EB5774 /* WeaponsViewController.swift */,
				1FC4FD212C0E283000EB5774 /* HandleDataModel.swift */,
				1FC4FD252C0E287F00EB5774 /* MonsterViewController.swift */,
				1FC4FD1D2C0E27B600EB5774 /* TableViewCell.swift */,
				1FC4FD292C0E289400EB5774 /* DetailsViewController.swift */,
				7695D09E2C0E714500D48F5C /* TreasureViewController.swift */,
				7695D0A02C0E8C6800D48F5C /* CreaturesViewController.swift */,
			);
			path = "Search Components";
			sourceTree = "<group>";
		};
		1FDAA34C2BFE4E4F003D9EFE /* Todo Components */ = {
			isa = PBXGroup;
			children = (
				1FDAA34F2BFE4EA3003D9EFE /* TodoController.swift */,
			);
			path = "Todo Components";
			sourceTree = "<group>";
		};
/* End PBXGroup section */

/* Begin PBXNativeTarget section */
		1F5D0C192BFBC2970026BFA5 /* purahproject */ = {
			isa = PBXNativeTarget;
			buildConfigurationList = 1F5D0C442BFBC2990026BFA5 /* Build configuration list for PBXNativeTarget "purahproject" */;
			buildPhases = (
				1F5D0C162BFBC2970026BFA5 /* Sources */,
				1F5D0C172BFBC2970026BFA5 /* Frameworks */,
				1F5D0C182BFBC2970026BFA5 /* Resources */,
			);
			buildRules = (
			);
			dependencies = (
			);
			name = purahproject;
			productName = purahproject;
			productReference = 1F5D0C1A2BFBC2970026BFA5 /* purahproject.app */;
			productType = "com.apple.product-type.application";
		};
		1F5D0C2F2BFBC2990026BFA5 /* purahprojectTests */ = {
			isa = PBXNativeTarget;
			buildConfigurationList = 1F5D0C472BFBC2990026BFA5 /* Build configuration list for PBXNativeTarget "purahprojectTests" */;
			buildPhases = (
				1F5D0C2C2BFBC2990026BFA5 /* Sources */,
				1F5D0C2D2BFBC2990026BFA5 /* Frameworks */,
				1F5D0C2E2BFBC2990026BFA5 /* Resources */,
			);
			buildRules = (
			);
			dependencies = (
				1F5D0C322BFBC2990026BFA5 /* PBXTargetDependency */,
			);
			name = purahprojectTests;
			productName = purahprojectTests;
			productReference = 1F5D0C302BFBC2990026BFA5 /* purahprojectTests.xctest */;
			productType = "com.apple.product-type.bundle.unit-test";
		};
		1F5D0C392BFBC2990026BFA5 /* purahprojectUITests */ = {
			isa = PBXNativeTarget;
			buildConfigurationList = 1F5D0C4A2BFBC2990026BFA5 /* Build configuration list for PBXNativeTarget "purahprojectUITests" */;
			buildPhases = (
				1F5D0C362BFBC2990026BFA5 /* Sources */,
				1F5D0C372BFBC2990026BFA5 /* Frameworks */,
				1F5D0C382BFBC2990026BFA5 /* Resources */,
			);
			buildRules = (
			);
			dependencies = (
				1F5D0C3C2BFBC2990026BFA5 /* PBXTargetDependency */,
			);
			name = purahprojectUITests;
			productName = purahprojectUITests;
			productReference = 1F5D0C3A2BFBC2990026BFA5 /* purahprojectUITests.xctest */;
			productType = "com.apple.product-type.bundle.ui-testing";
		};
/* End PBXNativeTarget section */

/* Begin PBXProject section */
		1F5D0C122BFBC2970026BFA5 /* Project object */ = {
			isa = PBXProject;
			attributes = {
				BuildIndependentTargetsInParallel = 1;
				LastSwiftUpdateCheck = 1530;
				LastUpgradeCheck = 1530;
				TargetAttributes = {
					1F5D0C192BFBC2970026BFA5 = {
						CreatedOnToolsVersion = 15.3;
					};
					1F5D0C2F2BFBC2990026BFA5 = {
						CreatedOnToolsVersion = 15.3;
						TestTargetID = 1F5D0C192BFBC2970026BFA5;
					};
					1F5D0C392BFBC2990026BFA5 = {
						CreatedOnToolsVersion = 15.3;
						TestTargetID = 1F5D0C192BFBC2970026BFA5;
					};
				};
			};
			buildConfigurationList = 1F5D0C152BFBC2970026BFA5 /* Build configuration list for PBXProject "purahproject" */;
			compatibilityVersion = "Xcode 14.0";
			developmentRegion = en;
			hasScannedForEncodings = 0;
			knownRegions = (
				en,
				Base,
			);
			mainGroup = 1F5D0C112BFBC2970026BFA5;
			productRefGroup = 1F5D0C1B2BFBC2970026BFA5 /* Products */;
			projectDirPath = "";
			projectRoot = "";
			targets = (
				1F5D0C192BFBC2970026BFA5 /* purahproject */,
				1F5D0C2F2BFBC2990026BFA5 /* purahprojectTests */,
				1F5D0C392BFBC2990026BFA5 /* purahprojectUITests */,
			);
		};
/* End PBXProject section */

/* Begin PBXResourcesBuildPhase section */
		1F5D0C182BFBC2970026BFA5 /* Resources */ = {
			isa = PBXResourcesBuildPhase;
			buildActionMask = 2147483647;
			files = (
				1FC4FD2E2C0E2AAF00EB5774 /* HyliaSerifBeta-Regular.otf in Resources */,
				1F5D0C272BFBC2980026BFA5 /* Assets.xcassets in Resources */,
				1F5D0C2A2BFBC2980026BFA5 /* Base in Resources */,
				1F5D0C252BFBC2970026BFA5 /* Base in Resources */,
			);
			runOnlyForDeploymentPostprocessing = 0;
		};
		1F5D0C2E2BFBC2990026BFA5 /* Resources */ = {
			isa = PBXResourcesBuildPhase;
			buildActionMask = 2147483647;
			files = (
				1FC4FD2F2C0E2AAF00EB5774 /* HyliaSerifBeta-Regular.otf in Resources */,
			);
			runOnlyForDeploymentPostprocessing = 0;
		};
		1F5D0C382BFBC2990026BFA5 /* Resources */ = {
			isa = PBXResourcesBuildPhase;
			buildActionMask = 2147483647;
			files = (
				1FC4FD302C0E2AAF00EB5774 /* HyliaSerifBeta-Regular.otf in Resources */,
			);
			runOnlyForDeploymentPostprocessing = 0;
		};
/* End PBXResourcesBuildPhase section */

/* Begin PBXSourcesBuildPhase section */
		1F5D0C162BFBC2970026BFA5 /* Sources */ = {
			isa = PBXSourcesBuildPhase;
			buildActionMask = 2147483647;
			files = (
				1F5D0C222BFBC2970026BFA5 /* DiaryController.swift in Sources */,
				1F5D0C1E2BFBC2970026BFA5 /* AppDelegate.swift in Sources */,
				1FC4FD2A2C0E289400EB5774 /* DetailsViewController.swift in Sources */,
				1F5D0C202BFBC2970026BFA5 /* SceneDelegate.swift in Sources */,
				1FC4FD1E2C0E27B600EB5774 /* TableViewCell.swift in Sources */,
				7695D0A12C0E8C6800D48F5C /* CreaturesViewController.swift in Sources */,
				1FDAA34E2BFE4E93003D9EFE /* SearchController.swift in Sources */,
				1FC4FD262C0E287F00EB5774 /* MonsterViewController.swift in Sources */,
				1FDAA3502BFE4EA3003D9EFE /* TodoController.swift in Sources */,
				1FC4FD322C0E3AEA00EB5774 /* WeaponsViewController.swift in Sources */,
				7695D09F2C0E714500D48F5C /* TreasureViewController.swift in Sources */,
				1FC4FD222C0E283000EB5774 /* HandleDataModel.swift in Sources */,
			);
			runOnlyForDeploymentPostprocessing = 0;
		};
		1F5D0C2C2BFBC2990026BFA5 /* Sources */ = {
			isa = PBXSourcesBuildPhase;
			buildActionMask = 2147483647;
			files = (
				1F5D0C352BFBC2990026BFA5 /* purahprojectTests.swift in Sources */,
				1FC4FD272C0E287F00EB5774 /* MonsterViewController.swift in Sources */,
				1FC4FD1F2C0E27B600EB5774 /* TableViewCell.swift in Sources */,
				1FC4FD232C0E283000EB5774 /* HandleDataModel.swift in Sources */,
				1FC4FD332C0E3AEA00EB5774 /* WeaponsViewController.swift in Sources */,
				1FC4FD2B2C0E289400EB5774 /* DetailsViewController.swift in Sources */,
			);
			runOnlyForDeploymentPostprocessing = 0;
		};
		1F5D0C362BFBC2990026BFA5 /* Sources */ = {
			isa = PBXSourcesBuildPhase;
			buildActionMask = 2147483647;
			files = (
				1FC4FD202C0E27B600EB5774 /* TableViewCell.swift in Sources */,
				1F5D0C3F2BFBC2990026BFA5 /* purahprojectUITests.swift in Sources */,
				1F5D0C412BFBC2990026BFA5 /* purahprojectUITestsLaunchTests.swift in Sources */,
				1FC4FD282C0E287F00EB5774 /* MonsterViewController.swift in Sources */,
				1FC4FD242C0E283000EB5774 /* HandleDataModel.swift in Sources */,
				1FC4FD342C0E3AEA00EB5774 /* WeaponsViewController.swift in Sources */,
				1FC4FD2C2C0E289400EB5774 /* DetailsViewController.swift in Sources */,
			);
			runOnlyForDeploymentPostprocessing = 0;
		};
/* End PBXSourcesBuildPhase section */

/* Begin PBXTargetDependency section */
		1F5D0C322BFBC2990026BFA5 /* PBXTargetDependency */ = {
			isa = PBXTargetDependency;
			target = 1F5D0C192BFBC2970026BFA5 /* purahproject */;
			targetProxy = 1F5D0C312BFBC2990026BFA5 /* PBXContainerItemProxy */;
		};
		1F5D0C3C2BFBC2990026BFA5 /* PBXTargetDependency */ = {
			isa = PBXTargetDependency;
			target = 1F5D0C192BFBC2970026BFA5 /* purahproject */;
			targetProxy = 1F5D0C3B2BFBC2990026BFA5 /* PBXContainerItemProxy */;
		};
/* End PBXTargetDependency section */

/* Begin PBXVariantGroup section */
		1F5D0C232BFBC2970026BFA5 /* Main.storyboard */ = {
			isa = PBXVariantGroup;
			children = (
				1F5D0C242BFBC2970026BFA5 /* Base */,
			);
			name = Main.storyboard;
			sourceTree = "<group>";
		};
		1F5D0C282BFBC2980026BFA5 /* LaunchScreen.storyboard */ = {
			isa = PBXVariantGroup;
			children = (
				1F5D0C292BFBC2980026BFA5 /* Base */,
			);
			name = LaunchScreen.storyboard;
			sourceTree = "<group>";
		};
/* End PBXVariantGroup section */

/* Begin XCBuildConfiguration section */
		1F5D0C422BFBC2990026BFA5 /* Debug */ = {
			isa = XCBuildConfiguration;
			buildSettings = {
				ALWAYS_SEARCH_USER_PATHS = NO;
				ASSETCATALOG_COMPILER_GENERATE_SWIFT_ASSET_SYMBOL_EXTENSIONS = YES;
				CLANG_ANALYZER_NONNULL = YES;
				CLANG_ANALYZER_NUMBER_OBJECT_CONVERSION = YES_AGGRESSIVE;
				CLANG_CXX_LANGUAGE_STANDARD = "gnu++20";
				CLANG_ENABLE_MODULES = YES;
				CLANG_ENABLE_OBJC_ARC = YES;
				CLANG_ENABLE_OBJC_WEAK = YES;
				CLANG_WARN_BLOCK_CAPTURE_AUTORELEASING = YES;
				CLANG_WARN_BOOL_CONVERSION = YES;
				CLANG_WARN_COMMA = YES;
				CLANG_WARN_CONSTANT_CONVERSION = YES;
				CLANG_WARN_DEPRECATED_OBJC_IMPLEMENTATIONS = YES;
				CLANG_WARN_DIRECT_OBJC_ISA_USAGE = YES_ERROR;
				CLANG_WARN_DOCUMENTATION_COMMENTS = YES;
				CLANG_WARN_EMPTY_BODY = YES;
				CLANG_WARN_ENUM_CONVERSION = YES;
				CLANG_WARN_INFINITE_RECURSION = YES;
				CLANG_WARN_INT_CONVERSION = YES;
				CLANG_WARN_NON_LITERAL_NULL_CONVERSION = YES;
				CLANG_WARN_OBJC_IMPLICIT_RETAIN_SELF = YES;
				CLANG_WARN_OBJC_LITERAL_CONVERSION = YES;
				CLANG_WARN_OBJC_ROOT_CLASS = YES_ERROR;
				CLANG_WARN_QUOTED_INCLUDE_IN_FRAMEWORK_HEADER = YES;
				CLANG_WARN_RANGE_LOOP_ANALYSIS = YES;
				CLANG_WARN_STRICT_PROTOTYPES = YES;
				CLANG_WARN_SUSPICIOUS_MOVE = YES;
				CLANG_WARN_UNGUARDED_AVAILABILITY = YES_AGGRESSIVE;
				CLANG_WARN_UNREACHABLE_CODE = YES;
				CLANG_WARN__DUPLICATE_METHOD_MATCH = YES;
				COPY_PHASE_STRIP = NO;
				DEBUG_INFORMATION_FORMAT = dwarf;
				ENABLE_STRICT_OBJC_MSGSEND = YES;
				ENABLE_TESTABILITY = YES;
				ENABLE_USER_SCRIPT_SANDBOXING = YES;
				GCC_C_LANGUAGE_STANDARD = gnu17;
				GCC_DYNAMIC_NO_PIC = NO;
				GCC_NO_COMMON_BLOCKS = YES;
				GCC_OPTIMIZATION_LEVEL = 0;
				GCC_PREPROCESSOR_DEFINITIONS = (
					"DEBUG=1",
					"$(inherited)",
				);
				GCC_WARN_64_TO_32_BIT_CONVERSION = YES;
				GCC_WARN_ABOUT_RETURN_TYPE = YES_ERROR;
				GCC_WARN_UNDECLARED_SELECTOR = YES;
				GCC_WARN_UNINITIALIZED_AUTOS = YES_AGGRESSIVE;
				GCC_WARN_UNUSED_FUNCTION = YES;
				GCC_WARN_UNUSED_VARIABLE = YES;
				IPHONEOS_DEPLOYMENT_TARGET = 17.4;
				LOCALIZATION_PREFERS_STRING_CATALOGS = YES;
				MTL_ENABLE_DEBUG_INFO = INCLUDE_SOURCE;
				MTL_FAST_MATH = YES;
				ONLY_ACTIVE_ARCH = YES;
				SDKROOT = iphoneos;
				SWIFT_ACTIVE_COMPILATION_CONDITIONS = "DEBUG $(inherited)";
				SWIFT_OPTIMIZATION_LEVEL = "-Onone";
			};
			name = Debug;
		};
		1F5D0C432BFBC2990026BFA5 /* Release */ = {
			isa = XCBuildConfiguration;
			buildSettings = {
				ALWAYS_SEARCH_USER_PATHS = NO;
				ASSETCATALOG_COMPILER_GENERATE_SWIFT_ASSET_SYMBOL_EXTENSIONS = YES;
				CLANG_ANALYZER_NONNULL = YES;
				CLANG_ANALYZER_NUMBER_OBJECT_CONVERSION = YES_AGGRESSIVE;
				CLANG_CXX_LANGUAGE_STANDARD = "gnu++20";
				CLANG_ENABLE_MODULES = YES;
				CLANG_ENABLE_OBJC_ARC = YES;
				CLANG_ENABLE_OBJC_WEAK = YES;
				CLANG_WARN_BLOCK_CAPTURE_AUTORELEASING = YES;
				CLANG_WARN_BOOL_CONVERSION = YES;
				CLANG_WARN_COMMA = YES;
				CLANG_WARN_CONSTANT_CONVERSION = YES;
				CLANG_WARN_DEPRECATED_OBJC_IMPLEMENTATIONS = YES;
				CLANG_WARN_DIRECT_OBJC_ISA_USAGE = YES_ERROR;
				CLANG_WARN_DOCUMENTATION_COMMENTS = YES;
				CLANG_WARN_EMPTY_BODY = YES;
				CLANG_WARN_ENUM_CONVERSION = YES;
				CLANG_WARN_INFINITE_RECURSION = YES;
				CLANG_WARN_INT_CONVERSION = YES;
				CLANG_WARN_NON_LITERAL_NULL_CONVERSION = YES;
				CLANG_WARN_OBJC_IMPLICIT_RETAIN_SELF = YES;
				CLANG_WARN_OBJC_LITERAL_CONVERSION = YES;
				CLANG_WARN_OBJC_ROOT_CLASS = YES_ERROR;
				CLANG_WARN_QUOTED_INCLUDE_IN_FRAMEWORK_HEADER = YES;
				CLANG_WARN_RANGE_LOOP_ANALYSIS = YES;
				CLANG_WARN_STRICT_PROTOTYPES = YES;
				CLANG_WARN_SUSPICIOUS_MOVE = YES;
				CLANG_WARN_UNGUARDED_AVAILABILITY = YES_AGGRESSIVE;
				CLANG_WARN_UNREACHABLE_CODE = YES;
				CLANG_WARN__DUPLICATE_METHOD_MATCH = YES;
				COPY_PHASE_STRIP = NO;
				DEBUG_INFORMATION_FORMAT = "dwarf-with-dsym";
				ENABLE_NS_ASSERTIONS = NO;
				ENABLE_STRICT_OBJC_MSGSEND = YES;
				ENABLE_USER_SCRIPT_SANDBOXING = YES;
				GCC_C_LANGUAGE_STANDARD = gnu17;
				GCC_NO_COMMON_BLOCKS = YES;
				GCC_WARN_64_TO_32_BIT_CONVERSION = YES;
				GCC_WARN_ABOUT_RETURN_TYPE = YES_ERROR;
				GCC_WARN_UNDECLARED_SELECTOR = YES;
				GCC_WARN_UNINITIALIZED_AUTOS = YES_AGGRESSIVE;
				GCC_WARN_UNUSED_FUNCTION = YES;
				GCC_WARN_UNUSED_VARIABLE = YES;
				IPHONEOS_DEPLOYMENT_TARGET = 17.4;
				LOCALIZATION_PREFERS_STRING_CATALOGS = YES;
				MTL_ENABLE_DEBUG_INFO = NO;
				MTL_FAST_MATH = YES;
				SDKROOT = iphoneos;
				SWIFT_COMPILATION_MODE = wholemodule;
				VALIDATE_PRODUCT = YES;
			};
			name = Release;
		};
		1F5D0C452BFBC2990026BFA5 /* Debug */ = {
			isa = XCBuildConfiguration;
			buildSettings = {
				ASSETCATALOG_COMPILER_APPICON_NAME = AppIcon;
				ASSETCATALOG_COMPILER_GLOBAL_ACCENT_COLOR_NAME = AccentColor;
				CODE_SIGN_STYLE = Automatic;
				CURRENT_PROJECT_VERSION = 1;
				DEVELOPMENT_TEAM = M8Q386HL4N;
				GENERATE_INFOPLIST_FILE = YES;
				INFOPLIST_FILE = purahproject/Info.plist;
				INFOPLIST_KEY_UIApplicationSupportsIndirectInputEvents = YES;
				INFOPLIST_KEY_UILaunchStoryboardName = LaunchScreen;
				INFOPLIST_KEY_UIMainStoryboardFile = Main;
				INFOPLIST_KEY_UISupportedInterfaceOrientations_iPad = "UIInterfaceOrientationPortrait UIInterfaceOrientationPortraitUpsideDown UIInterfaceOrientationLandscapeLeft UIInterfaceOrientationLandscapeRight";
				INFOPLIST_KEY_UISupportedInterfaceOrientations_iPhone = "UIInterfaceOrientationPortrait UIInterfaceOrientationLandscapeLeft UIInterfaceOrientationLandscapeRight";
				LD_RUNPATH_SEARCH_PATHS = (
					"$(inherited)",
					"@executable_path/Frameworks",
				);
				MARKETING_VERSION = 1.0;
				PRODUCT_BUNDLE_IDENTIFIER = labram.purahproject;
				PRODUCT_NAME = "$(TARGET_NAME)";
				SWIFT_EMIT_LOC_STRINGS = YES;
				SWIFT_VERSION = 5.0;
				TARGETED_DEVICE_FAMILY = "1,2";
			};
			name = Debug;
		};
		1F5D0C462BFBC2990026BFA5 /* Release */ = {
			isa = XCBuildConfiguration;
			buildSettings = {
				ASSETCATALOG_COMPILER_APPICON_NAME = AppIcon;
				ASSETCATALOG_COMPILER_GLOBAL_ACCENT_COLOR_NAME = AccentColor;
				CODE_SIGN_STYLE = Automatic;
				CURRENT_PROJECT_VERSION = 1;
				DEVELOPMENT_TEAM = M8Q386HL4N;
				GENERATE_INFOPLIST_FILE = YES;
				INFOPLIST_FILE = purahproject/Info.plist;
				INFOPLIST_KEY_UIApplicationSupportsIndirectInputEvents = YES;
				INFOPLIST_KEY_UILaunchStoryboardName = LaunchScreen;
				INFOPLIST_KEY_UIMainStoryboardFile = Main;
				INFOPLIST_KEY_UISupportedInterfaceOrientations_iPad = "UIInterfaceOrientationPortrait UIInterfaceOrientationPortraitUpsideDown UIInterfaceOrientationLandscapeLeft UIInterfaceOrientationLandscapeRight";
				INFOPLIST_KEY_UISupportedInterfaceOrientations_iPhone = "UIInterfaceOrientationPortrait UIInterfaceOrientationLandscapeLeft UIInterfaceOrientationLandscapeRight";
				LD_RUNPATH_SEARCH_PATHS = (
					"$(inherited)",
					"@executable_path/Frameworks",
				);
				MARKETING_VERSION = 1.0;
				PRODUCT_BUNDLE_IDENTIFIER = labram.purahproject;
				PRODUCT_NAME = "$(TARGET_NAME)";
				SWIFT_EMIT_LOC_STRINGS = YES;
				SWIFT_VERSION = 5.0;
				TARGETED_DEVICE_FAMILY = "1,2";
			};
			name = Release;
		};
		1F5D0C482BFBC2990026BFA5 /* Debug */ = {
			isa = XCBuildConfiguration;
			buildSettings = {
				ALWAYS_EMBED_SWIFT_STANDARD_LIBRARIES = YES;
				BUNDLE_LOADER = "$(TEST_HOST)";
				CODE_SIGN_STYLE = Automatic;
				CURRENT_PROJECT_VERSION = 1;
				DEVELOPMENT_TEAM = M8Q386HL4N;
				GENERATE_INFOPLIST_FILE = YES;
				IPHONEOS_DEPLOYMENT_TARGET = 17.4;
				MARKETING_VERSION = 1.0;
				PRODUCT_BUNDLE_IDENTIFIER = labram.purahprojectTests;
				PRODUCT_NAME = "$(TARGET_NAME)";
				SWIFT_EMIT_LOC_STRINGS = NO;
				SWIFT_VERSION = 5.0;
				TARGETED_DEVICE_FAMILY = "1,2";
				TEST_HOST = "$(BUILT_PRODUCTS_DIR)/purahproject.app/$(BUNDLE_EXECUTABLE_FOLDER_PATH)/purahproject";
			};
			name = Debug;
		};
		1F5D0C492BFBC2990026BFA5 /* Release */ = {
			isa = XCBuildConfiguration;
			buildSettings = {
				ALWAYS_EMBED_SWIFT_STANDARD_LIBRARIES = YES;
				BUNDLE_LOADER = "$(TEST_HOST)";
				CODE_SIGN_STYLE = Automatic;
				CURRENT_PROJECT_VERSION = 1;
				DEVELOPMENT_TEAM = M8Q386HL4N;
				GENERATE_INFOPLIST_FILE = YES;
				IPHONEOS_DEPLOYMENT_TARGET = 17.4;
				MARKETING_VERSION = 1.0;
				PRODUCT_BUNDLE_IDENTIFIER = labram.purahprojectTests;
				PRODUCT_NAME = "$(TARGET_NAME)";
				SWIFT_EMIT_LOC_STRINGS = NO;
				SWIFT_VERSION = 5.0;
				TARGETED_DEVICE_FAMILY = "1,2";
				TEST_HOST = "$(BUILT_PRODUCTS_DIR)/purahproject.app/$(BUNDLE_EXECUTABLE_FOLDER_PATH)/purahproject";
			};
			name = Release;
		};
		1F5D0C4B2BFBC2990026BFA5 /* Debug */ = {
			isa = XCBuildConfiguration;
			buildSettings = {
				ALWAYS_EMBED_SWIFT_STANDARD_LIBRARIES = YES;
				CODE_SIGN_STYLE = Automatic;
				CURRENT_PROJECT_VERSION = 1;
				DEVELOPMENT_TEAM = M8Q386HL4N;
				GENERATE_INFOPLIST_FILE = YES;
				MARKETING_VERSION = 1.0;
				PRODUCT_BUNDLE_IDENTIFIER = labram.purahprojectUITests;
				PRODUCT_NAME = "$(TARGET_NAME)";
				SWIFT_EMIT_LOC_STRINGS = NO;
				SWIFT_VERSION = 5.0;
				TARGETED_DEVICE_FAMILY = "1,2";
				TEST_TARGET_NAME = purahproject;
			};
			name = Debug;
		};
		1F5D0C4C2BFBC2990026BFA5 /* Release */ = {
			isa = XCBuildConfiguration;
			buildSettings = {
				ALWAYS_EMBED_SWIFT_STANDARD_LIBRARIES = YES;
				CODE_SIGN_STYLE = Automatic;
				CURRENT_PROJECT_VERSION = 1;
				DEVELOPMENT_TEAM = M8Q386HL4N;
				GENERATE_INFOPLIST_FILE = YES;
				MARKETING_VERSION = 1.0;
				PRODUCT_BUNDLE_IDENTIFIER = labram.purahprojectUITests;
				PRODUCT_NAME = "$(TARGET_NAME)";
				SWIFT_EMIT_LOC_STRINGS = NO;
				SWIFT_VERSION = 5.0;
				TARGETED_DEVICE_FAMILY = "1,2";
				TEST_TARGET_NAME = purahproject;
			};
			name = Release;
		};
/* End XCBuildConfiguration section */

/* Begin XCConfigurationList section */
		1F5D0C152BFBC2970026BFA5 /* Build configuration list for PBXProject "purahproject" */ = {
			isa = XCConfigurationList;
			buildConfigurations = (
				1F5D0C422BFBC2990026BFA5 /* Debug */,
				1F5D0C432BFBC2990026BFA5 /* Release */,
			);
			defaultConfigurationIsVisible = 0;
			defaultConfigurationName = Release;
		};
		1F5D0C442BFBC2990026BFA5 /* Build configuration list for PBXNativeTarget "purahproject" */ = {
			isa = XCConfigurationList;
			buildConfigurations = (
				1F5D0C452BFBC2990026BFA5 /* Debug */,
				1F5D0C462BFBC2990026BFA5 /* Release */,
			);
			defaultConfigurationIsVisible = 0;
			defaultConfigurationName = Release;
		};
		1F5D0C472BFBC2990026BFA5 /* Build configuration list for PBXNativeTarget "purahprojectTests" */ = {
			isa = XCConfigurationList;
			buildConfigurations = (
				1F5D0C482BFBC2990026BFA5 /* Debug */,
				1F5D0C492BFBC2990026BFA5 /* Release */,
			);
			defaultConfigurationIsVisible = 0;
			defaultConfigurationName = Release;
		};
		1F5D0C4A2BFBC2990026BFA5 /* Build configuration list for PBXNativeTarget "purahprojectUITests" */ = {
			isa = XCConfigurationList;
			buildConfigurations = (
				1F5D0C4B2BFBC2990026BFA5 /* Debug */,
				1F5D0C4C2BFBC2990026BFA5 /* Release */,
			);
			defaultConfigurationIsVisible = 0;
			defaultConfigurationName = Release;
		};
/* End XCConfigurationList section */
	};
	rootObject = 1F5D0C122BFBC2970026BFA5 /* Project object */;
}
